
Microsoft Visual Studio Solution File, Format Version 12.00
# Visual Studio Version 17
VisualStudioVersion = 17.11.35327.3
MinimumVisualStudioVersion = 10.0.40219.1
Project("{9A19103F-16F7-4668-BE54-9A1E7A4F7556}") = "OWOVRC", "OWOVRC\OWOVRC.csproj", "{9189C910-B27E-4F8B-AEF7-F9AAB7935E4F}"
EndProject
Project("{FAE04EC0-301F-11D3-BF4B-00C04F79EFBC}") = "OWOVRC.UI", "OWOVRC.UI\OWOVRC.UI.csproj", "{89C2E8C1-845E-48C0-AA3D-1203A7173A47}"
EndProject
Project("{FAE04EC0-301F-11D3-BF4B-00C04F79EFBC}") = "OWOVRC.Test", "OWOVRC.Test\OWOVRC.Test.csproj", "{4F74746D-4E5C-4791-8318-6F7945A771D9}"
EndProject
Project("{FAE04EC0-301F-11D3-BF4B-00C04F79EFBC}") = "OWOVRC.CLI", "OWOVRC.CLI\OWOVRC.CLI.csproj", "{2EFF406F-1746-41A6-AFA7-FD8C91C42464}"
EndProject
Project("{FAE04EC0-301F-11D3-BF4B-00C04F79EFBC}") = "OwoAdvancedSensationBuilder", "OwoAdvancedSensationBuilder\OwoAdvancedSensationBuilder\OwoAdvancedSensationBuilder.csproj", "{94290CC7-129B-4150-B83E-3ED4ABEA2818}"
EndProject
Project("{FAE04EC0-301F-11D3-BF4B-00C04F79EFBC}") = "OwoAdvancedSensationBuilder.Test", "OwoAdvancedSensationBuilder\OwoAdvancedSensationBuilder.Test\OwoAdvancedSensationBuilder.Test.csproj", "{ED398336-24D0-444B-883F-32CE2771EF9C}"
EndProject
Global
	GlobalSection(SolutionConfigurationPlatforms) = preSolution
		Debug|Any CPU = Debug|Any CPU
		Release|Any CPU = Release|Any CPU
	EndGlobalSection
	GlobalSection(ProjectConfigurationPlatforms) = postSolution
		{9189C910-B27E-4F8B-AEF7-F9AAB7935E4F}.Debug|Any CPU.ActiveCfg = Debug|Any CPU
		{9189C910-B27E-4F8B-AEF7-F9AAB7935E4F}.Debug|Any CPU.Build.0 = Debug|Any CPU
		{9189C910-B27E-4F8B-AEF7-F9AAB7935E4F}.Release|Any CPU.ActiveCfg = Release|Any CPU
		{9189C910-B27E-4F8B-AEF7-F9AAB7935E4F}.Release|Any CPU.Build.0 = Release|Any CPU
		{89C2E8C1-845E-48C0-AA3D-1203A7173A47}.Debug|Any CPU.ActiveCfg = Debug|Any CPU
		{89C2E8C1-845E-48C0-AA3D-1203A7173A47}.Debug|Any CPU.Build.0 = Debug|Any CPU
		{89C2E8C1-845E-48C0-AA3D-1203A7173A47}.Release|Any CPU.ActiveCfg = Release|Any CPU
		{89C2E8C1-845E-48C0-AA3D-1203A7173A47}.Release|Any CPU.Build.0 = Release|Any CPU
		{4F74746D-4E5C-4791-8318-6F7945A771D9}.Debug|Any CPU.ActiveCfg = Debug|Any CPU
		{4F74746D-4E5C-4791-8318-6F7945A771D9}.Debug|Any CPU.Build.0 = Debug|Any CPU
		{4F74746D-4E5C-4791-8318-6F7945A771D9}.Release|Any CPU.ActiveCfg = Release|Any CPU
		{4F74746D-4E5C-4791-8318-6F7945A771D9}.Release|Any CPU.Build.0 = Release|Any CPU
		{2EFF406F-1746-41A6-AFA7-FD8C91C42464}.Debug|Any CPU.ActiveCfg = Debug|Any CPU
		{2EFF406F-1746-41A6-AFA7-FD8C91C42464}.Debug|Any CPU.Build.0 = Debug|Any CPU
		{2EFF406F-1746-41A6-AFA7-FD8C91C42464}.Release|Any CPU.ActiveCfg = Release|Any CPU
		{2EFF406F-1746-41A6-AFA7-FD8C91C42464}.Release|Any CPU.Build.0 = Release|Any CPU
		{94290CC7-129B-4150-B83E-3ED4ABEA2818}.Debug|Any CPU.ActiveCfg = Debug|Any CPU
		{94290CC7-129B-4150-B83E-3ED4ABEA2818}.Debug|Any CPU.Build.0 = Debug|Any CPU
		{94290CC7-129B-4150-B83E-3ED4ABEA2818}.Release|Any CPU.ActiveCfg = Release|Any CPU
		{94290CC7-129B-4150-B83E-3ED4ABEA2818}.Release|Any CPU.Build.0 = Release|Any CPU
		{ED398336-24D0-444B-883F-32CE2771EF9C}.Debug|Any CPU.ActiveCfg = Debug|Any CPU
		{ED398336-24D0-444B-883F-32CE2771EF9C}.Debug|Any CPU.Build.0 = Debug|Any CPU
		{ED398336-24D0-444B-883F-32CE2771EF9C}.Release|Any CPU.ActiveCfg = Release|Any CPU
		{ED398336-24D0-444B-883F-32CE2771EF9C}.Release|Any CPU.Build.0 = Release|Any CPU
	EndGlobalSection
	GlobalSection(SolutionProperties) = preSolution
		HideSolutionNode = FALSE
	EndGlobalSection
	GlobalSection(ExtensibilityGlobals) = postSolution
		SolutionGuid = {69B6DA7B-DC64-4F92-B08A-31844E5C5D3B}
	EndGlobalSection
EndGlobal
