
Microsoft Visual Studio Solution File, Format Version 12.00
# Visual Studio Version 17
VisualStudioVersion = 17.11.35327.3
MinimumVisualStudioVersion = 10.0.40219.1
Project("{9A19103F-16F7-4668-BE54-9A1E7A4F7556}") = "OWOVRC", "OWOVRC\OWOVRC.csproj", "{9189C910-B27E-4F8B-AEF7-F9AAB7935E4F}"
EndProject
Project("{FAE04EC0-301F-11D3-BF4B-00C04F79EFBC}") = "OWOVRC.UI", "OWOVRC.UI\OWOVRC.UI.csproj", "{89C2E8C1-845E-48C0-AA3D-1203A7173A47}"
EndProject
Project("{FAE04EC0-301F-11D3-BF4B-00C04F79EFBC}") = "OWOVRC.Test", "OWOVRC.Test\OWOVRC.Test.csproj", "{4F74746D-4E5C-4791-8318-6F7945A771D9}"
EndProject
Project("{FAE04EC0-301F-11D3-BF4B-00C04F79EFBC}") = "OWOVRC.CLI", "OWOVRC.CLI\OWOVRC.CLI.csproj", "{2EFF406F-1746-41A6-AFA7-FD8C91C42464}"
EndProject
Project("{FAE04EC0-301F-11D3-BF4B-00C04F79EFBC}") = "OwoAdvancedSensationBuilder", "OwoAdvancedSensationBuilder\OwoAdvancedSensationBuilder\OwoAdvancedSensationBuilder.csproj", "{94290CC7-129B-4150-B83E-3ED4ABEA2818}"
EndProject
Project("{FAE04EC0-301F-11D3-BF4B-00C04F79EFBC}") = "OwoAdvancedSensationBuilder.Test", "OwoAdvancedSensationBuilder\OwoAdvancedSensationBuilder.Test\OwoAdvancedSensationBuilder.Test.csproj", "{ED398336-24D0-444B-883F-32CE2771EF9C}"
EndProject
Project("{FAE04EC0-301F-11D3-BF4B-00C04F79EFBC}") = "OWOVRC.Audio", "OWOVRC.Audio\OWOVRC.Audio.csproj", "{3967422C-271F-45C9-912B-4CCCBFDCD2C0}"
EndProject
Project("{FAE04EC0-301F-11D3-BF4B-00C04F79EFBC}") = "OWOVRC.Audio.WinForms", "OWOVRC.Audio.WinForms\OWOVRC.Audio.WinForms.csproj", "{5BF6B045-5C9B-4743-AC15-35B2084B8BDD}"
EndProject
Project("{FAE04EC0-301F-11D3-BF4B-00C04F79EFBC}") = "OWOVRC.Audio.Demo", "OWOVRC.Audio.Demo\OWOVRC.Audio.Demo.csproj", "{C00C0AB5-CCFB-4837-9B88-CDA687A7A855}"
EndProject
Project("{2150E333-8FDC-42A3-9474-1A3956D46DE8}") = "Solution Items", "Solution Items", "{E18FBA42-ADCE-4A8C-A412-E81FC43D0E39}"
	ProjectSection(SolutionItems) = preProject
		.editorconfig = .editorconfig
	EndProjectSection
EndProject
Project("{2150E333-8FDC-42A3-9474-1A3956D46DE8}") = ".github", ".github", "{5C92223B-7147-4D81-A930-7C5AB15237C6}"
EndProject
Project("{2150E333-8FDC-42A3-9474-1A3956D46DE8}") = "workflows", "workflows", "{8A9D8DE1-DEC1-4B7E-862F-6B938021B310}"
	ProjectSection(SolutionItems) = preProject
		.github\workflows\dotnet-desktop.yml = .github\workflows\dotnet-desktop.yml
	EndProjectSection
EndProject
Project("{FAE04EC0-301F-11D3-BF4B-00C04F79EFBC}") = "OWOVRC.Audio.Test", "OWOVRC.Audio.Test\OWOVRC.Audio.Test.csproj", "{99CC345C-59AD-4664-A71F-7BE316C29C67}"
EndProject
Global
	GlobalSection(SolutionConfigurationPlatforms) = preSolution
		Debug|Any CPU = Debug|Any CPU
		Debug|x64 = Debug|x64
		Debug|x86 = Debug|x86
		Release|Any CPU = Release|Any CPU
		Release|x64 = Release|x64
		Release|x86 = Release|x86
	EndGlobalSection
	GlobalSection(ProjectConfigurationPlatforms) = postSolution
		{9189C910-B27E-4F8B-AEF7-F9AAB7935E4F}.Debug|Any CPU.ActiveCfg = Debug|Any CPU
		{9189C910-B27E-4F8B-AEF7-F9AAB7935E4F}.Debug|Any CPU.Build.0 = Debug|Any CPU
		{9189C910-B27E-4F8B-AEF7-F9AAB7935E4F}.Debug|x64.ActiveCfg = Debug|Any CPU
		{9189C910-B27E-4F8B-AEF7-F9AAB7935E4F}.Debug|x64.Build.0 = Debug|Any CPU
		{9189C910-B27E-4F8B-AEF7-F9AAB7935E4F}.Debug|x86.ActiveCfg = Debug|Any CPU
		{9189C910-B27E-4F8B-AEF7-F9AAB7935E4F}.Debug|x86.Build.0 = Debug|Any CPU
		{9189C910-B27E-4F8B-AEF7-F9AAB7935E4F}.Release|Any CPU.ActiveCfg = Release|Any CPU
		{9189C910-B27E-4F8B-AEF7-F9AAB7935E4F}.Release|Any CPU.Build.0 = Release|Any CPU
		{9189C910-B27E-4F8B-AEF7-F9AAB7935E4F}.Release|x64.ActiveCfg = Release|Any CPU
		{9189C910-B27E-4F8B-AEF7-F9AAB7935E4F}.Release|x64.Build.0 = Release|Any CPU
		{9189C910-B27E-4F8B-AEF7-F9AAB7935E4F}.Release|x86.ActiveCfg = Release|Any CPU
		{9189C910-B27E-4F8B-AEF7-F9AAB7935E4F}.Release|x86.Build.0 = Release|Any CPU
		{89C2E8C1-845E-48C0-AA3D-1203A7173A47}.Debug|Any CPU.ActiveCfg = Debug|Any CPU
		{89C2E8C1-845E-48C0-AA3D-1203A7173A47}.Debug|Any CPU.Build.0 = Debug|Any CPU
		{89C2E8C1-845E-48C0-AA3D-1203A7173A47}.Debug|x64.ActiveCfg = Debug|Any CPU
		{89C2E8C1-845E-48C0-AA3D-1203A7173A47}.Debug|x64.Build.0 = Debug|Any CPU
		{89C2E8C1-845E-48C0-AA3D-1203A7173A47}.Debug|x86.ActiveCfg = Debug|Any CPU
		{89C2E8C1-845E-48C0-AA3D-1203A7173A47}.Debug|x86.Build.0 = Debug|Any CPU
		{89C2E8C1-845E-48C0-AA3D-1203A7173A47}.Release|Any CPU.ActiveCfg = Release|Any CPU
		{89C2E8C1-845E-48C0-AA3D-1203A7173A47}.Release|Any CPU.Build.0 = Release|Any CPU
		{89C2E8C1-845E-48C0-AA3D-1203A7173A47}.Release|x64.ActiveCfg = Release|Any CPU
		{89C2E8C1-845E-48C0-AA3D-1203A7173A47}.Release|x64.Build.0 = Release|Any CPU
		{89C2E8C1-845E-48C0-AA3D-1203A7173A47}.Release|x86.ActiveCfg = Release|Any CPU
		{89C2E8C1-845E-48C0-AA3D-1203A7173A47}.Release|x86.Build.0 = Release|Any CPU
		{4F74746D-4E5C-4791-8318-6F7945A771D9}.Debug|Any CPU.ActiveCfg = Debug|Any CPU
		{4F74746D-4E5C-4791-8318-6F7945A771D9}.Debug|Any CPU.Build.0 = Debug|Any CPU
		{4F74746D-4E5C-4791-8318-6F7945A771D9}.Debug|x64.ActiveCfg = Debug|Any CPU
		{4F74746D-4E5C-4791-8318-6F7945A771D9}.Debug|x64.Build.0 = Debug|Any CPU
		{4F74746D-4E5C-4791-8318-6F7945A771D9}.Debug|x86.ActiveCfg = Debug|Any CPU
		{4F74746D-4E5C-4791-8318-6F7945A771D9}.Debug|x86.Build.0 = Debug|Any CPU
		{4F74746D-4E5C-4791-8318-6F7945A771D9}.Release|Any CPU.ActiveCfg = Release|Any CPU
		{4F74746D-4E5C-4791-8318-6F7945A771D9}.Release|Any CPU.Build.0 = Release|Any CPU
		{4F74746D-4E5C-4791-8318-6F7945A771D9}.Release|x64.ActiveCfg = Release|Any CPU
		{4F74746D-4E5C-4791-8318-6F7945A771D9}.Release|x64.Build.0 = Release|Any CPU
		{4F74746D-4E5C-4791-8318-6F7945A771D9}.Release|x86.ActiveCfg = Release|Any CPU
		{4F74746D-4E5C-4791-8318-6F7945A771D9}.Release|x86.Build.0 = Release|Any CPU
		{2EFF406F-1746-41A6-AFA7-FD8C91C42464}.Debug|Any CPU.ActiveCfg = Debug|Any CPU
		{2EFF406F-1746-41A6-AFA7-FD8C91C42464}.Debug|Any CPU.Build.0 = Debug|Any CPU
		{2EFF406F-1746-41A6-AFA7-FD8C91C42464}.Debug|x64.ActiveCfg = Debug|Any CPU
		{2EFF406F-1746-41A6-AFA7-FD8C91C42464}.Debug|x64.Build.0 = Debug|Any CPU
		{2EFF406F-1746-41A6-AFA7-FD8C91C42464}.Debug|x86.ActiveCfg = Debug|Any CPU
		{2EFF406F-1746-41A6-AFA7-FD8C91C42464}.Debug|x86.Build.0 = Debug|Any CPU
		{2EFF406F-1746-41A6-AFA7-FD8C91C42464}.Release|Any CPU.ActiveCfg = Release|Any CPU
		{2EFF406F-1746-41A6-AFA7-FD8C91C42464}.Release|Any CPU.Build.0 = Release|Any CPU
		{2EFF406F-1746-41A6-AFA7-FD8C91C42464}.Release|x64.ActiveCfg = Release|Any CPU
		{2EFF406F-1746-41A6-AFA7-FD8C91C42464}.Release|x64.Build.0 = Release|Any CPU
		{2EFF406F-1746-41A6-AFA7-FD8C91C42464}.Release|x86.ActiveCfg = Release|Any CPU
		{2EFF406F-1746-41A6-AFA7-FD8C91C42464}.Release|x86.Build.0 = Release|Any CPU
		{94290CC7-129B-4150-B83E-3ED4ABEA2818}.Debug|Any CPU.ActiveCfg = Debug|Any CPU
		{94290CC7-129B-4150-B83E-3ED4ABEA2818}.Debug|Any CPU.Build.0 = Debug|Any CPU
		{94290CC7-129B-4150-B83E-3ED4ABEA2818}.Debug|x64.ActiveCfg = Debug|Any CPU
		{94290CC7-129B-4150-B83E-3ED4ABEA2818}.Debug|x64.Build.0 = Debug|Any CPU
		{94290CC7-129B-4150-B83E-3ED4ABEA2818}.Debug|x86.ActiveCfg = Debug|Any CPU
		{94290CC7-129B-4150-B83E-3ED4ABEA2818}.Debug|x86.Build.0 = Debug|Any CPU
		{94290CC7-129B-4150-B83E-3ED4ABEA2818}.Release|Any CPU.ActiveCfg = Release|Any CPU
		{94290CC7-129B-4150-B83E-3ED4ABEA2818}.Release|Any CPU.Build.0 = Release|Any CPU
		{94290CC7-129B-4150-B83E-3ED4ABEA2818}.Release|x64.ActiveCfg = Release|Any CPU
		{94290CC7-129B-4150-B83E-3ED4ABEA2818}.Release|x64.Build.0 = Release|Any CPU
		{94290CC7-129B-4150-B83E-3ED4ABEA2818}.Release|x86.ActiveCfg = Release|Any CPU
		{94290CC7-129B-4150-B83E-3ED4ABEA2818}.Release|x86.Build.0 = Release|Any CPU
		{ED398336-24D0-444B-883F-32CE2771EF9C}.Debug|Any CPU.ActiveCfg = Debug|Any CPU
		{ED398336-24D0-444B-883F-32CE2771EF9C}.Debug|Any CPU.Build.0 = Debug|Any CPU
		{ED398336-24D0-444B-883F-32CE2771EF9C}.Debug|x64.ActiveCfg = Debug|Any CPU
		{ED398336-24D0-444B-883F-32CE2771EF9C}.Debug|x64.Build.0 = Debug|Any CPU
		{ED398336-24D0-444B-883F-32CE2771EF9C}.Debug|x86.ActiveCfg = Debug|Any CPU
		{ED398336-24D0-444B-883F-32CE2771EF9C}.Debug|x86.Build.0 = Debug|Any CPU
		{ED398336-24D0-444B-883F-32CE2771EF9C}.Release|Any CPU.ActiveCfg = Release|Any CPU
		{ED398336-24D0-444B-883F-32CE2771EF9C}.Release|Any CPU.Build.0 = Release|Any CPU
		{ED398336-24D0-444B-883F-32CE2771EF9C}.Release|x64.ActiveCfg = Release|Any CPU
		{ED398336-24D0-444B-883F-32CE2771EF9C}.Release|x64.Build.0 = Release|Any CPU
		{ED398336-24D0-444B-883F-32CE2771EF9C}.Release|x86.ActiveCfg = Release|Any CPU
		{ED398336-24D0-444B-883F-32CE2771EF9C}.Release|x86.Build.0 = Release|Any CPU
		{3967422C-271F-45C9-912B-4CCCBFDCD2C0}.Debug|Any CPU.ActiveCfg = Debug|Any CPU
		{3967422C-271F-45C9-912B-4CCCBFDCD2C0}.Debug|Any CPU.Build.0 = Debug|Any CPU
		{3967422C-271F-45C9-912B-4CCCBFDCD2C0}.Debug|x64.ActiveCfg = Debug|Any CPU
		{3967422C-271F-45C9-912B-4CCCBFDCD2C0}.Debug|x64.Build.0 = Debug|Any CPU
		{3967422C-271F-45C9-912B-4CCCBFDCD2C0}.Debug|x86.ActiveCfg = Debug|Any CPU
		{3967422C-271F-45C9-912B-4CCCBFDCD2C0}.Debug|x86.Build.0 = Debug|Any CPU
		{3967422C-271F-45C9-912B-4CCCBFDCD2C0}.Release|Any CPU.ActiveCfg = Release|Any CPU
		{3967422C-271F-45C9-912B-4CCCBFDCD2C0}.Release|Any CPU.Build.0 = Release|Any CPU
		{3967422C-271F-45C9-912B-4CCCBFDCD2C0}.Release|x64.ActiveCfg = Release|Any CPU
		{3967422C-271F-45C9-912B-4CCCBFDCD2C0}.Release|x64.Build.0 = Release|Any CPU
		{3967422C-271F-45C9-912B-4CCCBFDCD2C0}.Release|x86.ActiveCfg = Release|Any CPU
		{3967422C-271F-45C9-912B-4CCCBFDCD2C0}.Release|x86.Build.0 = Release|Any CPU
		{5BF6B045-5C9B-4743-AC15-35B2084B8BDD}.Debug|Any CPU.ActiveCfg = Debug|Any CPU
		{5BF6B045-5C9B-4743-AC15-35B2084B8BDD}.Debug|Any CPU.Build.0 = Debug|Any CPU
		{5BF6B045-5C9B-4743-AC15-35B2084B8BDD}.Debug|x64.ActiveCfg = Debug|Any CPU
		{5BF6B045-5C9B-4743-AC15-35B2084B8BDD}.Debug|x64.Build.0 = Debug|Any CPU
		{5BF6B045-5C9B-4743-AC15-35B2084B8BDD}.Debug|x86.ActiveCfg = Debug|Any CPU
		{5BF6B045-5C9B-4743-AC15-35B2084B8BDD}.Debug|x86.Build.0 = Debug|Any CPU
		{5BF6B045-5C9B-4743-AC15-35B2084B8BDD}.Release|Any CPU.ActiveCfg = Release|Any CPU
		{5BF6B045-5C9B-4743-AC15-35B2084B8BDD}.Release|Any CPU.Build.0 = Release|Any CPU
		{5BF6B045-5C9B-4743-AC15-35B2084B8BDD}.Release|x64.ActiveCfg = Release|Any CPU
		{5BF6B045-5C9B-4743-AC15-35B2084B8BDD}.Release|x64.Build.0 = Release|Any CPU
		{5BF6B045-5C9B-4743-AC15-35B2084B8BDD}.Release|x86.ActiveCfg = Release|Any CPU
		{5BF6B045-5C9B-4743-AC15-35B2084B8BDD}.Release|x86.Build.0 = Release|Any CPU
		{C00C0AB5-CCFB-4837-9B88-CDA687A7A855}.Debug|Any CPU.ActiveCfg = Debug|Any CPU
		{C00C0AB5-CCFB-4837-9B88-CDA687A7A855}.Debug|Any CPU.Build.0 = Debug|Any CPU
		{C00C0AB5-CCFB-4837-9B88-CDA687A7A855}.Debug|x64.ActiveCfg = Debug|Any CPU
		{C00C0AB5-CCFB-4837-9B88-CDA687A7A855}.Debug|x64.Build.0 = Debug|Any CPU
		{C00C0AB5-CCFB-4837-9B88-CDA687A7A855}.Debug|x86.ActiveCfg = Debug|Any CPU
		{C00C0AB5-CCFB-4837-9B88-CDA687A7A855}.Debug|x86.Build.0 = Debug|Any CPU
		{C00C0AB5-CCFB-4837-9B88-CDA687A7A855}.Release|Any CPU.ActiveCfg = Release|Any CPU
		{C00C0AB5-CCFB-4837-9B88-CDA687A7A855}.Release|Any CPU.Build.0 = Release|Any CPU
		{C00C0AB5-CCFB-4837-9B88-CDA687A7A855}.Release|x64.ActiveCfg = Release|Any CPU
		{C00C0AB5-CCFB-4837-9B88-CDA687A7A855}.Release|x64.Build.0 = Release|Any CPU
		{C00C0AB5-CCFB-4837-9B88-CDA687A7A855}.Release|x86.ActiveCfg = Release|Any CPU
		{C00C0AB5-CCFB-4837-9B88-CDA687A7A855}.Release|x86.Build.0 = Release|Any CPU
		{99CC345C-59AD-4664-A71F-7BE316C29C67}.Debug|Any CPU.ActiveCfg = Debug|Any CPU
		{99CC345C-59AD-4664-A71F-7BE316C29C67}.Debug|Any CPU.Build.0 = Debug|Any CPU
		{99CC345C-59AD-4664-A71F-7BE316C29C67}.Debug|x64.ActiveCfg = Debug|Any CPU
		{99CC345C-59AD-4664-A71F-7BE316C29C67}.Debug|x64.Build.0 = Debug|Any CPU
		{99CC345C-59AD-4664-A71F-7BE316C29C67}.Debug|x86.ActiveCfg = Debug|Any CPU
		{99CC345C-59AD-4664-A71F-7BE316C29C67}.Debug|x86.Build.0 = Debug|Any CPU
		{99CC345C-59AD-4664-A71F-7BE316C29C67}.Release|Any CPU.ActiveCfg = Release|Any CPU
		{99CC345C-59AD-4664-A71F-7BE316C29C67}.Release|Any CPU.Build.0 = Release|Any CPU
		{99CC345C-59AD-4664-A71F-7BE316C29C67}.Release|x64.ActiveCfg = Release|Any CPU
		{99CC345C-59AD-4664-A71F-7BE316C29C67}.Release|x64.Build.0 = Release|Any CPU
		{99CC345C-59AD-4664-A71F-7BE316C29C67}.Release|x86.ActiveCfg = Release|Any CPU
		{99CC345C-59AD-4664-A71F-7BE316C29C67}.Release|x86.Build.0 = Release|Any CPU
	EndGlobalSection
	GlobalSection(SolutionProperties) = preSolution
		HideSolutionNode = FALSE
	EndGlobalSection
	GlobalSection(NestedProjects) = preSolution
		{8A9D8DE1-DEC1-4B7E-862F-6B938021B310} = {5C92223B-7147-4D81-A930-7C5AB15237C6}
	EndGlobalSection
	GlobalSection(ExtensibilityGlobals) = postSolution
		SolutionGuid = {69B6DA7B-DC64-4F92-B08A-31844E5C5D3B}
	EndGlobalSection
EndGlobal
